
Microsoft Visual Studio Solution File, Format Version 12.00
# Visual Studio Version 16
VisualStudioVersion = 16.0.34729.46
MinimumVisualStudioVersion = 10.0.40219.1
Project("{FAE04EC0-301F-11D3-BF4B-00C04F79EFBC}") = "Models", "Models\Models.csproj", "{AE0AE764-D472-4AD8-983E-FED6EEA334AD}"
EndProject
Project("{FAE04EC0-301F-11D3-BF4B-00C04F79EFBC}") = "Repository", "Repository\Repository.csproj", "{79550891-41C7-4B5A-AC38-44E36F059242}"
EndProject
Project("{FAE04EC0-301F-11D3-BF4B-00C04F79EFBC}") = "Infra", "Infra\Infra.csproj", "{B8B34960-4CF1-4676-8608-49E153CDEEF2}"
EndProject
Project("{FAE04EC0-301F-11D3-BF4B-00C04F79EFBC}") = "WebAPIEcommerce", "WebAPIEcommerce\WebAPIEcommerce.csproj", "{6B120A63-0B74-4E66-B6C0-DD7AB0359F0A}"
EndProject
Global
	GlobalSection(SolutionConfigurationPlatforms) = preSolution
		Debug|Any CPU = Debug|Any CPU
		Release|Any CPU = Release|Any CPU
	EndGlobalSection
	GlobalSection(ProjectConfigurationPlatforms) = postSolution
		{AE0AE764-D472-4AD8-983E-FED6EEA334AD}.Debug|Any CPU.ActiveCfg = Debug|Any CPU
		{AE0AE764-D472-4AD8-983E-FED6EEA334AD}.Debug|Any CPU.Build.0 = Debug|Any CPU
		{AE0AE764-D472-4AD8-983E-FED6EEA334AD}.Release|Any CPU.ActiveCfg = Release|Any CPU
		{AE0AE764-D472-4AD8-983E-FED6EEA334AD}.Release|Any CPU.Build.0 = Release|Any CPU
		{79550891-41C7-4B5A-AC38-44E36F059242}.Debug|Any CPU.ActiveCfg = Debug|Any CPU
		{79550891-41C7-4B5A-AC38-44E36F059242}.Debug|Any CPU.Build.0 = Debug|Any CPU
		{79550891-41C7-4B5A-AC38-44E36F059242}.Release|Any CPU.ActiveCfg = Release|Any CPU
		{79550891-41C7-4B5A-AC38-44E36F059242}.Release|Any CPU.Build.0 = Release|Any CPU
		{B8B34960-4CF1-4676-8608-49E153CDEEF2}.Debug|Any CPU.ActiveCfg = Debug|Any CPU
		{B8B34960-4CF1-4676-8608-49E153CDEEF2}.Debug|Any CPU.Build.0 = Debug|Any CPU
		{B8B34960-4CF1-4676-8608-49E153CDEEF2}.Release|Any CPU.ActiveCfg = Release|Any CPU
		{B8B34960-4CF1-4676-8608-49E153CDEEF2}.Release|Any CPU.Build.0 = Release|Any CPU
		{6B120A63-0B74-4E66-B6C0-DD7AB0359F0A}.Debug|Any CPU.ActiveCfg = Debug|Any CPU
		{6B120A63-0B74-4E66-B6C0-DD7AB0359F0A}.Debug|Any CPU.Build.0 = Debug|Any CPU
		{6B120A63-0B74-4E66-B6C0-DD7AB0359F0A}.Release|Any CPU.ActiveCfg = Release|Any CPU
		{6B120A63-0B74-4E66-B6C0-DD7AB0359F0A}.Release|Any CPU.Build.0 = Release|Any CPU
	EndGlobalSection
	GlobalSection(SolutionProperties) = preSolution
		HideSolutionNode = FALSE
	EndGlobalSection
	GlobalSection(ExtensibilityGlobals) = postSolution
		SolutionGuid = {CFDE4068-6D97-409E-83BD-FCFEB5D00301}
	EndGlobalSection
EndGlobal
